
Microsoft Visual Studio Solution File, Format Version 12.00
# Visual Studio Version 17
VisualStudioVersion = 17.9.34701.34
MinimumVisualStudioVersion = 10.0.40219.1
Project("{FAE04EC0-301F-11D3-BF4B-00C04F79EFBC}") = "IpLogger", "IpLogger\IpLogger.csproj", "{16F4FFE5-EEB9-43CB-B4E7-3FE1885F02B7}"
EndProject
Global
	GlobalSection(SolutionConfigurationPlatforms) = preSolution
		Debug|Any CPU = Debug|Any CPU
		Release|Any CPU = Release|Any CPU
	EndGlobalSection
	GlobalSection(ProjectConfigurationPlatforms) = postSolution
		{16F4FFE5-EEB9-43CB-B4E7-3FE1885F02B7}.Debug|Any CPU.ActiveCfg = Debug|Any CPU
		{16F4FFE5-EEB9-43CB-B4E7-3FE1885F02B7}.Debug|Any CPU.Build.0 = Debug|Any CPU
		{16F4FFE5-EEB9-43CB-B4E7-3FE1885F02B7}.Release|Any CPU.ActiveCfg = Release|Any CPU
		{16F4FFE5-EEB9-43CB-B4E7-3FE1885F02B7}.Release|Any CPU.Build.0 = Release|Any CPU
	EndGlobalSection
	GlobalSection(SolutionProperties) = preSolution
		HideSolutionNode = FALSE
	EndGlobalSection
	GlobalSection(ExtensibilityGlobals) = postSolution
		SolutionGuid = {960D51F6-5F55-4DB1-8147-5F2CB7CCE9AD}
	EndGlobalSection
EndGlobal
